
Microsoft Visual Studio Solution File, Format Version 12.00
# Visual Studio Version 17
VisualStudioVersion = 17.5.33627.172
MinimumVisualStudioVersion = 10.0.40219.1
Project("{FAE04EC0-301F-11D3-BF4B-00C04F79EFBC}") = "Collatz Conjecture", "Collatz Conjecture\Collatz Conjecture.csproj", "{F69E8E64-79D0-4F26-993E-9D470351EB01}"
EndProject
Global
	GlobalSection(SolutionConfigurationPlatforms) = preSolution
		Debug|Any CPU = Debug|Any CPU
		Release|Any CPU = Release|Any CPU
	EndGlobalSection
	GlobalSection(ProjectConfigurationPlatforms) = postSolution
		{F69E8E64-79D0-4F26-993E-9D470351EB01}.Debug|Any CPU.ActiveCfg = Debug|Any CPU
		{F69E8E64-79D0-4F26-993E-9D470351EB01}.Debug|Any CPU.Build.0 = Debug|Any CPU
		{F69E8E64-79D0-4F26-993E-9D470351EB01}.Release|Any CPU.ActiveCfg = Release|Any CPU
		{F69E8E64-79D0-4F26-993E-9D470351EB01}.Release|Any CPU.Build.0 = Release|Any CPU
	EndGlobalSection
	GlobalSection(SolutionProperties) = preSolution
		HideSolutionNode = FALSE
	EndGlobalSection
	GlobalSection(ExtensibilityGlobals) = postSolution
		SolutionGuid = {28F8FF47-056D-4915-96EB-20FFB2BF1541}
	EndGlobalSection
EndGlobal
